
Microsoft Visual Studio Solution File, Format Version 12.00
# Visual Studio Version 16
VisualStudioVersion = 16.0.29709.97
MinimumVisualStudioVersion = 10.0.40219.1
Project("{F184B08F-C81C-45F6-A57F-5ABD9991F28F}") = "Module1_Assignment2", "Module1_Assignment2\Module1_Assignment2.vbproj", "{263DBFEE-51DF-4446-9EFA-FB63340EFB06}"
EndProject
Global
	GlobalSection(SolutionConfigurationPlatforms) = preSolution
		Debug|Any CPU = Debug|Any CPU
		Release|Any CPU = Release|Any CPU
	EndGlobalSection
	GlobalSection(ProjectConfigurationPlatforms) = postSolution
		{263DBFEE-51DF-4446-9EFA-FB63340EFB06}.Debug|Any CPU.ActiveCfg = Debug|Any CPU
		{263DBFEE-51DF-4446-9EFA-FB63340EFB06}.Debug|Any CPU.Build.0 = Debug|Any CPU
		{263DBFEE-51DF-4446-9EFA-FB63340EFB06}.Release|Any CPU.ActiveCfg = Release|Any CPU
		{263DBFEE-51DF-4446-9EFA-FB63340EFB06}.Release|Any CPU.Build.0 = Release|Any CPU
	EndGlobalSection
	GlobalSection(SolutionProperties) = preSolution
		HideSolutionNode = FALSE
	EndGlobalSection
	GlobalSection(ExtensibilityGlobals) = postSolution
		SolutionGuid = {9E3401C0-AD25-4546-8BB6-1FF8ED0B4137}
	EndGlobalSection
EndGlobal
